// !$*UTF8*$!
{
	archiveVersion = 1;
	classes = {
	};
	objectVersion = 46;
	objects = {

/* Begin PBXBuildFile section */
		397009BC1A1F5B0600A9A8C1 /* main.m in Sources */ = {isa = PBXBuildFile; fileRef = 397009BB1A1F5B0600A9A8C1 /* main.m */; };
		397009BF1A1F5B0600A9A8C1 /* AppDelegate.m in Sources */ = {isa = PBXBuildFile; fileRef = 397009BE1A1F5B0600A9A8C1 /* AppDelegate.m */; };
		397009C71A1F5B0600A9A8C1 /* Images.xcassets in Resources */ = {isa = PBXBuildFile; fileRef = 397009C61A1F5B0600A9A8C1 /* Images.xcassets */; };
		397009CA1A1F5B0600A9A8C1 /* LaunchScreen.xib in Resources */ = {isa = PBXBuildFile; fileRef = 397009C81A1F5B0600A9A8C1 /* LaunchScreen.xib */; };
		397009D61A1F5B0600A9A8C1 /* theranking_ios_candidates_Tests.m in Sources */ = {isa = PBXBuildFile; fileRef = 397009D51A1F5B0600A9A8C1 /* theranking_ios_candidates_Tests.m */; };
		39D478201A2257D200B3E344 /* CoreData.framework in Frameworks */ = {isa = PBXBuildFile; fileRef = 39D4781F1A2257D200B3E344 /* CoreData.framework */; };
		39D478241A22582400B3E344 /* TRDataNetManager.m in Sources */ = {isa = PBXBuildFile; fileRef = 39D478231A22582400B3E344 /* TRDataNetManager.m */; };
		39D478271A2258FC00B3E344 /* TRDataModel.xcdatamodeld in Sources */ = {isa = PBXBuildFile; fileRef = 39D478251A2258FC00B3E344 /* TRDataModel.xcdatamodeld */; };
		39D4782E1A225ABD00B3E344 /* User.m in Sources */ = {isa = PBXBuildFile; fileRef = 39D4782D1A225ABD00B3E344 /* User.m */; };
		39D478321A225B3900B3E344 /* TRCatchPhotosOperation.m in Sources */ = {isa = PBXBuildFile; fileRef = 39D478311A225B3900B3E344 /* TRCatchPhotosOperation.m */; };
		39D478351A2261E900B3E344 /* Photo.m in Sources */ = {isa = PBXBuildFile; fileRef = 39D478341A2261E900B3E344 /* Photo.m */; };
/* End PBXBuildFile section */

/* Begin PBXContainerItemProxy section */
		397009D01A1F5B0600A9A8C1 /* PBXContainerItemProxy */ = {
			isa = PBXContainerItemProxy;
			containerPortal = 397009AE1A1F5B0600A9A8C1 /* Project object */;
			proxyType = 1;
			remoteGlobalIDString = 397009B51A1F5B0600A9A8C1;
			remoteInfo = "theranking-ios-candidates.";
		};
/* End PBXContainerItemProxy section */

/* Begin PBXFileReference section */
		397009B61A1F5B0600A9A8C1 /* theranking-ios-candidates..app */ = {isa = PBXFileReference; explicitFileType = wrapper.application; includeInIndex = 0; path = "theranking-ios-candidates..app"; sourceTree = BUILT_PRODUCTS_DIR; };
		397009BA1A1F5B0600A9A8C1 /* Info.plist */ = {isa = PBXFileReference; lastKnownFileType = text.plist.xml; path = Info.plist; sourceTree = "<group>"; };
		397009BB1A1F5B0600A9A8C1 /* main.m */ = {isa = PBXFileReference; lastKnownFileType = sourcecode.c.objc; path = main.m; sourceTree = "<group>"; };
		397009BD1A1F5B0600A9A8C1 /* AppDelegate.h */ = {isa = PBXFileReference; lastKnownFileType = sourcecode.c.h; path = AppDelegate.h; sourceTree = "<group>"; };
		397009BE1A1F5B0600A9A8C1 /* AppDelegate.m */ = {isa = PBXFileReference; lastKnownFileType = sourcecode.c.objc; path = AppDelegate.m; sourceTree = "<group>"; };
		397009C61A1F5B0600A9A8C1 /* Images.xcassets */ = {isa = PBXFileReference; lastKnownFileType = folder.assetcatalog; path = Images.xcassets; sourceTree = "<group>"; };
		397009C91A1F5B0600A9A8C1 /* Base */ = {isa = PBXFileReference; lastKnownFileType = file.xib; name = Base; path = Base.lproj/LaunchScreen.xib; sourceTree = "<group>"; };
		397009CF1A1F5B0600A9A8C1 /* theranking-ios-candidates.Tests.xctest */ = {isa = PBXFileReference; explicitFileType = wrapper.cfbundle; includeInIndex = 0; path = "theranking-ios-candidates.Tests.xctest"; sourceTree = BUILT_PRODUCTS_DIR; };
		397009D41A1F5B0600A9A8C1 /* Info.plist */ = {isa = PBXFileReference; lastKnownFileType = text.plist.xml; path = Info.plist; sourceTree = "<group>"; };
		397009D51A1F5B0600A9A8C1 /* theranking_ios_candidates_Tests.m */ = {isa = PBXFileReference; lastKnownFileType = sourcecode.c.objc; path = theranking_ios_candidates_Tests.m; sourceTree = "<group>"; };
		39D4781F1A2257D200B3E344 /* CoreData.framework */ = {isa = PBXFileReference; lastKnownFileType = wrapper.framework; name = CoreData.framework; path = System/Library/Frameworks/CoreData.framework; sourceTree = SDKROOT; };
		39D478221A22582400B3E344 /* TRDataNetManager.h */ = {isa = PBXFileReference; fileEncoding = 4; lastKnownFileType = sourcecode.c.h; path = TRDataNetManager.h; sourceTree = "<group>"; };
		39D478231A22582400B3E344 /* TRDataNetManager.m */ = {isa = PBXFileReference; fileEncoding = 4; lastKnownFileType = sourcecode.c.objc; path = TRDataNetManager.m; sourceTree = "<group>"; };
		39D478261A2258FC00B3E344 /* TRDataModel.xcdatamodel */ = {isa = PBXFileReference; lastKnownFileType = wrapper.xcdatamodel; path = TRDataModel.xcdatamodel; sourceTree = "<group>"; };
		39D4782C1A225ABD00B3E344 /* User.h */ = {isa = PBXFileReference; fileEncoding = 4; lastKnownFileType = sourcecode.c.h; path = User.h; sourceTree = "<group>"; };
		39D4782D1A225ABD00B3E344 /* User.m */ = {isa = PBXFileReference; fileEncoding = 4; lastKnownFileType = sourcecode.c.objc; path = User.m; sourceTree = "<group>"; };
		39D478301A225B3900B3E344 /* TRCatchPhotosOperation.h */ = {isa = PBXFileReference; fileEncoding = 4; lastKnownFileType = sourcecode.c.h; path = TRCatchPhotosOperation.h; sourceTree = "<group>"; };
		39D478311A225B3900B3E344 /* TRCatchPhotosOperation.m */ = {isa = PBXFileReference; fileEncoding = 4; lastKnownFileType = sourcecode.c.objc; path = TRCatchPhotosOperation.m; sourceTree = "<group>"; };
		39D478331A2261E900B3E344 /* Photo.h */ = {isa = PBXFileReference; fileEncoding = 4; lastKnownFileType = sourcecode.c.h; path = Photo.h; sourceTree = "<group>"; };
		39D478341A2261E900B3E344 /* Photo.m */ = {isa = PBXFileReference; fileEncoding = 4; lastKnownFileType = sourcecode.c.objc; path = Photo.m; sourceTree = "<group>"; };
/* End PBXFileReference section */

/* Begin PBXFrameworksBuildPhase section */
		397009B31A1F5B0600A9A8C1 /* Frameworks */ = {
			isa = PBXFrameworksBuildPhase;
			buildActionMask = 2147483647;
			files = (
				39D478201A2257D200B3E344 /* CoreData.framework in Frameworks */,
			);
			runOnlyForDeploymentPostprocessing = 0;
		};
		397009CC1A1F5B0600A9A8C1 /* Frameworks */ = {
			isa = PBXFrameworksBuildPhase;
			buildActionMask = 2147483647;
			files = (
			);
			runOnlyForDeploymentPostprocessing = 0;
		};
/* End PBXFrameworksBuildPhase section */

/* Begin PBXGroup section */
		397009AD1A1F5B0600A9A8C1 = {
			isa = PBXGroup;
			children = (
				397009B81A1F5B0600A9A8C1 /* theranking-ios-candidates. */,
				39D478211A2257DD00B3E344 /* Frameworks */,
				397009D21A1F5B0600A9A8C1 /* theranking-ios-candidates.Tests */,
				397009B71A1F5B0600A9A8C1 /* Products */,
			);
			sourceTree = "<group>";
		};
		397009B71A1F5B0600A9A8C1 /* Products */ = {
			isa = PBXGroup;
			children = (
				397009B61A1F5B0600A9A8C1 /* theranking-ios-candidates..app */,
				397009CF1A1F5B0600A9A8C1 /* theranking-ios-candidates.Tests.xctest */,
			);
			name = Products;
			sourceTree = "<group>";
		};
		397009B81A1F5B0600A9A8C1 /* theranking-ios-candidates. */ = {
			isa = PBXGroup;
			children = (
				39D4781E1A2257BA00B3E344 /* ModelObjects */,
				397009BD1A1F5B0600A9A8C1 /* AppDelegate.h */,
				397009BE1A1F5B0600A9A8C1 /* AppDelegate.m */,
				397009C61A1F5B0600A9A8C1 /* Images.xcassets */,
				397009C81A1F5B0600A9A8C1 /* LaunchScreen.xib */,
				397009B91A1F5B0600A9A8C1 /* Supporting Files */,
			);
			path = "theranking-ios-candidates.";
			sourceTree = "<group>";
		};
		397009B91A1F5B0600A9A8C1 /* Supporting Files */ = {
			isa = PBXGroup;
			children = (
				397009BA1A1F5B0600A9A8C1 /* Info.plist */,
				397009BB1A1F5B0600A9A8C1 /* main.m */,
			);
			name = "Supporting Files";
			sourceTree = "<group>";
		};
		397009D21A1F5B0600A9A8C1 /* theranking-ios-candidates.Tests */ = {
			isa = PBXGroup;
			children = (
				397009D51A1F5B0600A9A8C1 /* theranking_ios_candidates_Tests.m */,
				397009D31A1F5B0600A9A8C1 /* Supporting Files */,
			);
			path = "theranking-ios-candidates.Tests";
			sourceTree = "<group>";
		};
		397009D31A1F5B0600A9A8C1 /* Supporting Files */ = {
			isa = PBXGroup;
			children = (
				397009D41A1F5B0600A9A8C1 /* Info.plist */,
			);
			name = "Supporting Files";
			sourceTree = "<group>";
		};
		39D4781E1A2257BA00B3E344 /* ModelObjects */ = {
			isa = PBXGroup;
			children = (
				39D4782F1A225AD500B3E344 /* Operation Request */,
				39D478281A225A9A00B3E344 /* ManagedObject */,
				39D478221A22582400B3E344 /* TRDataNetManager.h */,
				39D478231A22582400B3E344 /* TRDataNetManager.m */,
				39D478251A2258FC00B3E344 /* TRDataModel.xcdatamodeld */,
			);
			name = ModelObjects;
			sourceTree = "<group>";
		};
		39D478211A2257DD00B3E344 /* Frameworks */ = {
			isa = PBXGroup;
			children = (
				39D4781F1A2257D200B3E344 /* CoreData.framework */,
			);
			name = Frameworks;
			sourceTree = "<group>";
		};
		39D478281A225A9A00B3E344 /* ManagedObject */ = {
			isa = PBXGroup;
			children = (
				39D4782C1A225ABD00B3E344 /* User.h */,
				39D4782D1A225ABD00B3E344 /* User.m */,
				39D478331A2261E900B3E344 /* Photo.h */,
				39D478341A2261E900B3E344 /* Photo.m */,
			);
			name = ManagedObject;
			sourceTree = "<group>";
		};
		39D4782F1A225AD500B3E344 /* Operation Request */ = {
			isa = PBXGroup;
			children = (
				39D478301A225B3900B3E344 /* TRCatchPhotosOperation.h */,
				39D478311A225B3900B3E344 /* TRCatchPhotosOperation.m */,
			);
			name = "Operation Request";
			sourceTree = "<group>";
		};
/* End PBXGroup section */

/* Begin PBXNativeTarget section */
		397009B51A1F5B0600A9A8C1 /* theranking-ios-candidates. */ = {
			isa = PBXNativeTarget;
			buildConfigurationList = 397009D91A1F5B0600A9A8C1 /* Build configuration list for PBXNativeTarget "theranking-ios-candidates." */;
			buildPhases = (
				397009B21A1F5B0600A9A8C1 /* Sources */,
				397009B31A1F5B0600A9A8C1 /* Frameworks */,
				397009B41A1F5B0600A9A8C1 /* Resources */,
			);
			buildRules = (
			);
			dependencies = (
			);
			name = "theranking-ios-candidates.";
			productName = "theranking-ios-candidates.";
			productReference = 397009B61A1F5B0600A9A8C1 /* theranking-ios-candidates..app */;
			productType = "com.apple.product-type.application";
		};
		397009CE1A1F5B0600A9A8C1 /* theranking-ios-candidates.Tests */ = {
			isa = PBXNativeTarget;
			buildConfigurationList = 397009DC1A1F5B0600A9A8C1 /* Build configuration list for PBXNativeTarget "theranking-ios-candidates.Tests" */;
			buildPhases = (
				397009CB1A1F5B0600A9A8C1 /* Sources */,
				397009CC1A1F5B0600A9A8C1 /* Frameworks */,
				397009CD1A1F5B0600A9A8C1 /* Resources */,
			);
			buildRules = (
			);
			dependencies = (
				397009D11A1F5B0600A9A8C1 /* PBXTargetDependency */,
			);
			name = "theranking-ios-candidates.Tests";
			productName = "theranking-ios-candidates.Tests";
			productReference = 397009CF1A1F5B0600A9A8C1 /* theranking-ios-candidates.Tests.xctest */;
			productType = "com.apple.product-type.bundle.unit-test";
		};
/* End PBXNativeTarget section */

/* Begin PBXProject section */
		397009AE1A1F5B0600A9A8C1 /* Project object */ = {
			isa = PBXProject;
			attributes = {
				LastUpgradeCheck = 0610;
				ORGANIZATIONNAME = "Joaquin Perez Barroso";
				TargetAttributes = {
					397009B51A1F5B0600A9A8C1 = {
						CreatedOnToolsVersion = 6.1;
					};
					397009CE1A1F5B0600A9A8C1 = {
						CreatedOnToolsVersion = 6.1;
						TestTargetID = 397009B51A1F5B0600A9A8C1;
					};
				};
			};
			buildConfigurationList = 397009B11A1F5B0600A9A8C1 /* Build configuration list for PBXProject "theranking-ios-candidates." */;
			compatibilityVersion = "Xcode 3.2";
			developmentRegion = English;
			hasScannedForEncodings = 0;
			knownRegions = (
				en,
				Base,
			);
			mainGroup = 397009AD1A1F5B0600A9A8C1;
			productRefGroup = 397009B71A1F5B0600A9A8C1 /* Products */;
			projectDirPath = "";
			projectRoot = "";
			targets = (
				397009B51A1F5B0600A9A8C1 /* theranking-ios-candidates. */,
				397009CE1A1F5B0600A9A8C1 /* theranking-ios-candidates.Tests */,
			);
		};
/* End PBXProject section */

/* Begin PBXResourcesBuildPhase section */
		397009B41A1F5B0600A9A8C1 /* Resources */ = {
			isa = PBXResourcesBuildPhase;
			buildActionMask = 2147483647;
			files = (
				397009CA1A1F5B0600A9A8C1 /* LaunchScreen.xib in Resources */,
				397009C71A1F5B0600A9A8C1 /* Images.xcassets in Resources */,
			);
			runOnlyForDeploymentPostprocessing = 0;
		};
		397009CD1A1F5B0600A9A8C1 /* Resources */ = {
			isa = PBXResourcesBuildPhase;
			buildActionMask = 2147483647;
			files = (
			);
			runOnlyForDeploymentPostprocessing = 0;
		};
/* End PBXResourcesBuildPhase section */

/* Begin PBXSourcesBuildPhase section */
		397009B21A1F5B0600A9A8C1 /* Sources */ = {
			isa = PBXSourcesBuildPhase;
			buildActionMask = 2147483647;
			files = (
				39D478351A2261E900B3E344 /* Photo.m in Sources */,
				397009BF1A1F5B0600A9A8C1 /* AppDelegate.m in Sources */,
				39D478271A2258FC00B3E344 /* TRDataModel.xcdatamodeld in Sources */,
				39D478321A225B3900B3E344 /* TRCatchPhotosOperation.m in Sources */,
				39D4782E1A225ABD00B3E344 /* User.m in Sources */,
				397009BC1A1F5B0600A9A8C1 /* main.m in Sources */,
				39D478241A22582400B3E344 /* TRDataNetManager.m in Sources */,
			);
			runOnlyForDeploymentPostprocessing = 0;
		};
		397009CB1A1F5B0600A9A8C1 /* Sources */ = {
			isa = PBXSourcesBuildPhase;
			buildActionMask = 2147483647;
			files = (
				397009D61A1F5B0600A9A8C1 /* theranking_ios_candidates_Tests.m in Sources */,
			);
			runOnlyForDeploymentPostprocessing = 0;
		};
/* End PBXSourcesBuildPhase section */

/* Begin PBXTargetDependency section */
		397009D11A1F5B0600A9A8C1 /* PBXTargetDependency */ = {
			isa = PBXTargetDependency;
			target = 397009B51A1F5B0600A9A8C1 /* theranking-ios-candidates. */;
			targetProxy = 397009D01A1F5B0600A9A8C1 /* PBXContainerItemProxy */;
		};
/* End PBXTargetDependency section */

/* Begin PBXVariantGroup section */
		397009C81A1F5B0600A9A8C1 /* LaunchScreen.xib */ = {
			isa = PBXVariantGroup;
			children = (
				397009C91A1F5B0600A9A8C1 /* Base */,
			);
			name = LaunchScreen.xib;
			sourceTree = "<group>";
		};
/* End PBXVariantGroup section */

/* Begin XCBuildConfiguration section */
		397009D71A1F5B0600A9A8C1 /* Debug */ = {
			isa = XCBuildConfiguration;
			buildSettings = {
				ALWAYS_SEARCH_USER_PATHS = NO;
				CLANG_CXX_LANGUAGE_STANDARD = "gnu++0x";
				CLANG_CXX_LIBRARY = "libc++";
				CLANG_ENABLE_MODULES = YES;
				CLANG_ENABLE_OBJC_ARC = YES;
				CLANG_WARN_BOOL_CONVERSION = YES;
				CLANG_WARN_CONSTANT_CONVERSION = YES;
				CLANG_WARN_DIRECT_OBJC_ISA_USAGE = YES_ERROR;
				CLANG_WARN_EMPTY_BODY = YES;
				CLANG_WARN_ENUM_CONVERSION = YES;
				CLANG_WARN_INT_CONVERSION = YES;
				CLANG_WARN_OBJC_ROOT_CLASS = YES_ERROR;
				CLANG_WARN_UNREACHABLE_CODE = YES;
				CLANG_WARN__DUPLICATE_METHOD_MATCH = YES;
				"CODE_SIGN_IDENTITY[sdk=iphoneos*]" = "iPhone Developer";
				COPY_PHASE_STRIP = NO;
				ENABLE_STRICT_OBJC_MSGSEND = YES;
				GCC_C_LANGUAGE_STANDARD = gnu99;
				GCC_DYNAMIC_NO_PIC = NO;
				GCC_OPTIMIZATION_LEVEL = 0;
				GCC_PREPROCESSOR_DEFINITIONS = (
					"DEBUG=1",
					"$(inherited)",
				);
				GCC_SYMBOLS_PRIVATE_EXTERN = NO;
				GCC_WARN_64_TO_32_BIT_CONVERSION = YES;
				GCC_WARN_ABOUT_RETURN_TYPE = YES_ERROR;
				GCC_WARN_UNDECLARED_SELECTOR = YES;
				GCC_WARN_UNINITIALIZED_AUTOS = YES_AGGRESSIVE;
				GCC_WARN_UNUSED_FUNCTION = YES;
				GCC_WARN_UNUSED_VARIABLE = YES;
				IPHONEOS_DEPLOYMENT_TARGET = 8.1;
				MTL_ENABLE_DEBUG_INFO = YES;
				ONLY_ACTIVE_ARCH = YES;
				SDKROOT = iphoneos;
			};
			name = Debug;
		};
		397009D81A1F5B0600A9A8C1 /* Release */ = {
			isa = XCBuildConfiguration;
			buildSettings = {
				ALWAYS_SEARCH_USER_PATHS = NO;
				CLANG_CXX_LANGUAGE_STANDARD = "gnu++0x";
				CLANG_CXX_LIBRARY = "libc++";
				CLANG_ENABLE_MODULES = YES;
				CLANG_ENABLE_OBJC_ARC = YES;
				CLANG_WARN_BOOL_CONVERSION = YES;
				CLANG_WARN_CONSTANT_CONVERSION = YES;
				CLANG_WARN_DIRECT_OBJC_ISA_USAGE = YES_ERROR;
				CLANG_WARN_EMPTY_BODY = YES;
				CLANG_WARN_ENUM_CONVERSION = YES;
				CLANG_WARN_INT_CONVERSION = YES;
				CLANG_WARN_OBJC_ROOT_CLASS = YES_ERROR;
				CLANG_WARN_UNREACHABLE_CODE = YES;
				CLANG_WARN__DUPLICATE_METHOD_MATCH = YES;
				"CODE_SIGN_IDENTITY[sdk=iphoneos*]" = "iPhone Developer";
				COPY_PHASE_STRIP = YES;
				ENABLE_NS_ASSERTIONS = NO;
				ENABLE_STRICT_OBJC_MSGSEND = YES;
				GCC_C_LANGUAGE_STANDARD = gnu99;
				GCC_WARN_64_TO_32_BIT_CONVERSION = YES;
				GCC_WARN_ABOUT_RETURN_TYPE = YES_ERROR;
				GCC_WARN_UNDECLARED_SELECTOR = YES;
				GCC_WARN_UNINITIALIZED_AUTOS = YES_AGGRESSIVE;
				GCC_WARN_UNUSED_FUNCTION = YES;
				GCC_WARN_UNUSED_VARIABLE = YES;
				IPHONEOS_DEPLOYMENT_TARGET = 8.1;
				MTL_ENABLE_DEBUG_INFO = NO;
				SDKROOT = iphoneos;
				VALIDATE_PRODUCT = YES;
			};
			name = Release;
		};
		397009DA1A1F5B0600A9A8C1 /* Debug */ = {
			isa = XCBuildConfiguration;
			buildSettings = {
				ASSETCATALOG_COMPILER_APPICON_NAME = AppIcon;
				INFOPLIST_FILE = "theranking-ios-candidates./Info.plist";
				IPHONEOS_DEPLOYMENT_TARGET = 7.0;
				LD_RUNPATH_SEARCH_PATHS = "$(inherited) @executable_path/Frameworks";
				PRODUCT_NAME = "$(TARGET_NAME)";
			};
			name = Debug;
		};
		397009DB1A1F5B0600A9A8C1 /* Release */ = {
			isa = XCBuildConfiguration;
			buildSettings = {
				ASSETCATALOG_COMPILER_APPICON_NAME = AppIcon;
				INFOPLIST_FILE = "theranking-ios-candidates./Info.plist";
				IPHONEOS_DEPLOYMENT_TARGET = 7.0;
				LD_RUNPATH_SEARCH_PATHS = "$(inherited) @executable_path/Frameworks";
				PRODUCT_NAME = "$(TARGET_NAME)";
			};
			name = Release;
		};
		397009DD1A1F5B0600A9A8C1 /* Debug */ = {
			isa = XCBuildConfiguration;
			buildSettings = {
				BUNDLE_LOADER = "$(TEST_HOST)";
				FRAMEWORK_SEARCH_PATHS = (
					"$(SDKROOT)/Developer/Library/Frameworks",
					"$(inherited)",
				);
				GCC_PREPROCESSOR_DEFINITIONS = (
					"DEBUG=1",
					"$(inherited)",
				);
				INFOPLIST_FILE = "theranking-ios-candidates.Tests/Info.plist";
				LD_RUNPATH_SEARCH_PATHS = "$(inherited) @executable_path/Frameworks @loader_path/Frameworks";
				PRODUCT_NAME = "$(TARGET_NAME)";
				TEST_HOST = "$(BUILT_PRODUCTS_DIR)/theranking-ios-candidates..app/theranking-ios-candidates.";
			};
			name = Debug;
		};
		397009DE1A1F5B0600A9A8C1 /* Release */ = {
			isa = XCBuildConfiguration;
			buildSettings = {
				BUNDLE_LOADER = "$(TEST_HOST)";
				FRAMEWORK_SEARCH_PATHS = (
					"$(SDKROOT)/Developer/Library/Frameworks",
					"$(inherited)",
				);
				INFOPLIST_FILE = "theranking-ios-candidates.Tests/Info.plist";
				LD_RUNPATH_SEARCH_PATHS = "$(inherited) @executable_path/Frameworks @loader_path/Frameworks";
				PRODUCT_NAME = "$(TARGET_NAME)";
				TEST_HOST = "$(BUILT_PRODUCTS_DIR)/theranking-ios-candidates..app/theranking-ios-candidates.";
			};
			name = Release;
		};
/* End XCBuildConfiguration section */

/* Begin XCConfigurationList section */
		397009B11A1F5B0600A9A8C1 /* Build configuration list for PBXProject "theranking-ios-candidates." */ = {
			isa = XCConfigurationList;
			buildConfigurations = (
				397009D71A1F5B0600A9A8C1 /* Debug */,
				397009D81A1F5B0600A9A8C1 /* Release */,
			);
			defaultConfigurationIsVisible = 0;
			defaultConfigurationName = Release;
		};
		397009D91A1F5B0600A9A8C1 /* Build configuration list for PBXNativeTarget "theranking-ios-candidates." */ = {
			isa = XCConfigurationList;
			buildConfigurations = (
				397009DA1A1F5B0600A9A8C1 /* Debug */,
				397009DB1A1F5B0600A9A8C1 /* Release */,
			);
			defaultConfigurationIsVisible = 0;
			defaultConfigurationName = Release;
		};
		397009DC1A1F5B0600A9A8C1 /* Build configuration list for PBXNativeTarget "theranking-ios-candidates.Tests" */ = {
			isa = XCConfigurationList;
			buildConfigurations = (
				397009DD1A1F5B0600A9A8C1 /* Debug */,
				397009DE1A1F5B0600A9A8C1 /* Release */,
			);
			defaultConfigurationIsVisible = 0;
			defaultConfigurationName = Release;
		};
/* End XCConfigurationList section */

/* Begin XCVersionGroup section */
		39D478251A2258FC00B3E344 /* TRDataModel.xcdatamodeld */ = {
			isa = XCVersionGroup;
			children = (
				39D478261A2258FC00B3E344 /* TRDataModel.xcdatamodel */,
			);
			currentVersion = 39D478261A2258FC00B3E344 /* TRDataModel.xcdatamodel */;
			path = TRDataModel.xcdatamodeld;
			sourceTree = "<group>";
			versionGroupType = wrapper.xcdatamodel;
		};
/* End XCVersionGroup section */
	};
	rootObject = 397009AE1A1F5B0600A9A8C1 /* Project object */;
}
