// !$*UTF8*$!
{
	archiveVersion = 1;
	classes = {
	};
	objectVersion = 46;
	objects = {

/* Begin PBXBuildFile section */
		52B45B691A24BB8F003F1D9F /* main.m in Sources */ = {isa = PBXBuildFile; fileRef = 52B45B681A24BB8F003F1D9F /* main.m */; };
		52B45B6C1A24BB8F003F1D9F /* AppDelegate.m in Sources */ = {isa = PBXBuildFile; fileRef = 52B45B6B1A24BB8F003F1D9F /* AppDelegate.m */; };
		52B45B6F1A24BB8F003F1D9F /* PopularPictures.xcdatamodeld in Sources */ = {isa = PBXBuildFile; fileRef = 52B45B6D1A24BB8F003F1D9F /* PopularPictures.xcdatamodeld */; };
		52B45B721A24BB8F003F1D9F /* MainViewController.m in Sources */ = {isa = PBXBuildFile; fileRef = 52B45B711A24BB8F003F1D9F /* MainViewController.m */; };
		52B45B771A24BB8F003F1D9F /* Images.xcassets in Resources */ = {isa = PBXBuildFile; fileRef = 52B45B761A24BB8F003F1D9F /* Images.xcassets */; };
		52B45B7A1A24BB8F003F1D9F /* LaunchScreen.xib in Resources */ = {isa = PBXBuildFile; fileRef = 52B45B781A24BB8F003F1D9F /* LaunchScreen.xib */; };
		52B45B861A24BB8F003F1D9F /* PopularPicturesTests.m in Sources */ = {isa = PBXBuildFile; fileRef = 52B45B851A24BB8F003F1D9F /* PopularPicturesTests.m */; };
		52B45B901A24BEF0003F1D9F /* CoreData.framework in Frameworks */ = {isa = PBXBuildFile; fileRef = 52B45B8F1A24BEF0003F1D9F /* CoreData.framework */; };
		52B45B951A24C1F1003F1D9F /* CollectionViewCell.m in Sources */ = {isa = PBXBuildFile; fileRef = 52B45B941A24C1F1003F1D9F /* CollectionViewCell.m */; };
		52B45B991A24C3D2003F1D9F /* PicturesManager.m in Sources */ = {isa = PBXBuildFile; fileRef = 52B45B981A24C3D2003F1D9F /* PicturesManager.m */; };
		52B45B9C1A24D66C003F1D9F /* CoreDataManager.m in Sources */ = {isa = PBXBuildFile; fileRef = 52B45B9B1A24D66C003F1D9F /* CoreDataManager.m */; };
		52B45BA81A24EDD8003F1D9F /* Foundation.framework in Frameworks */ = {isa = PBXBuildFile; fileRef = 52B45BA71A24EDD8003F1D9F /* Foundation.framework */; };
		52B45BAA1A24EDE4003F1D9F /* QuartzCore.framework in Frameworks */ = {isa = PBXBuildFile; fileRef = 52B45BA91A24EDE4003F1D9F /* QuartzCore.framework */; };
		52B45BB11A251596003F1D9F /* DetailViewController.m in Sources */ = {isa = PBXBuildFile; fileRef = 52B45BB01A251596003F1D9F /* DetailViewController.m */; };
		52B45BB41A2522A8003F1D9F /* PhotoMO.m in Sources */ = {isa = PBXBuildFile; fileRef = 52B45BB31A2522A8003F1D9F /* PhotoMO.m */; };
		52B45BB61A252300003F1D9F /* MapKit.framework in Frameworks */ = {isa = PBXBuildFile; fileRef = 52B45BB51A252300003F1D9F /* MapKit.framework */; };
		52B45BBD1A253FDB003F1D9F /* UIImage+Color.m in Sources */ = {isa = PBXBuildFile; fileRef = 52B45BBC1A253FDB003F1D9F /* UIImage+Color.m */; };
		52B45BC01A254365003F1D9F /* MapViewAnnotation.m in Sources */ = {isa = PBXBuildFile; fileRef = 52B45BBF1A254365003F1D9F /* MapViewAnnotation.m */; };
		5617281426CFD0C5D87EBE66 /* libPods.a in Frameworks */ = {isa = PBXBuildFile; fileRef = A1F9E2369D6F01A2CA14A1D9 /* libPods.a */; };
/* End PBXBuildFile section */

/* Begin PBXContainerItemProxy section */
		52B45B801A24BB8F003F1D9F /* PBXContainerItemProxy */ = {
			isa = PBXContainerItemProxy;
			containerPortal = 52B45B5B1A24BB8F003F1D9F /* Project object */;
			proxyType = 1;
			remoteGlobalIDString = 52B45B621A24BB8F003F1D9F;
			remoteInfo = PopularPictures;
		};
/* End PBXContainerItemProxy section */

/* Begin PBXFileReference section */
		14EFFB5C6AA50B23CCA044B4 /* Pods.debug.xcconfig */ = {isa = PBXFileReference; includeInIndex = 1; lastKnownFileType = text.xcconfig; name = Pods.debug.xcconfig; path = "Pods/Target Support Files/Pods/Pods.debug.xcconfig"; sourceTree = "<group>"; };
		52B45B631A24BB8F003F1D9F /* PopularPictures.app */ = {isa = PBXFileReference; explicitFileType = wrapper.application; includeInIndex = 0; path = PopularPictures.app; sourceTree = BUILT_PRODUCTS_DIR; };
		52B45B671A24BB8F003F1D9F /* Info.plist */ = {isa = PBXFileReference; lastKnownFileType = text.plist.xml; path = Info.plist; sourceTree = "<group>"; };
		52B45B681A24BB8F003F1D9F /* main.m */ = {isa = PBXFileReference; lastKnownFileType = sourcecode.c.objc; path = main.m; sourceTree = "<group>"; };
		52B45B6A1A24BB8F003F1D9F /* AppDelegate.h */ = {isa = PBXFileReference; lastKnownFileType = sourcecode.c.h; path = AppDelegate.h; sourceTree = "<group>"; };
		52B45B6B1A24BB8F003F1D9F /* AppDelegate.m */ = {isa = PBXFileReference; lastKnownFileType = sourcecode.c.objc; path = AppDelegate.m; sourceTree = "<group>"; };
		52B45B6E1A24BB8F003F1D9F /* PopularPictures.xcdatamodel */ = {isa = PBXFileReference; lastKnownFileType = wrapper.xcdatamodel; path = PopularPictures.xcdatamodel; sourceTree = "<group>"; };
		52B45B701A24BB8F003F1D9F /* MainViewController.h */ = {isa = PBXFileReference; lastKnownFileType = sourcecode.c.h; path = MainViewController.h; sourceTree = "<group>"; };
		52B45B711A24BB8F003F1D9F /* MainViewController.m */ = {isa = PBXFileReference; lastKnownFileType = sourcecode.c.objc; path = MainViewController.m; sourceTree = "<group>"; };
		52B45B761A24BB8F003F1D9F /* Images.xcassets */ = {isa = PBXFileReference; lastKnownFileType = folder.assetcatalog; path = Images.xcassets; sourceTree = "<group>"; };
		52B45B791A24BB8F003F1D9F /* Base */ = {isa = PBXFileReference; lastKnownFileType = file.xib; name = Base; path = Base.lproj/LaunchScreen.xib; sourceTree = "<group>"; };
		52B45B7F1A24BB8F003F1D9F /* PopularPicturesTests.xctest */ = {isa = PBXFileReference; explicitFileType = wrapper.cfbundle; includeInIndex = 0; path = PopularPicturesTests.xctest; sourceTree = BUILT_PRODUCTS_DIR; };
		52B45B841A24BB8F003F1D9F /* Info.plist */ = {isa = PBXFileReference; lastKnownFileType = text.plist.xml; path = Info.plist; sourceTree = "<group>"; };
		52B45B851A24BB8F003F1D9F /* PopularPicturesTests.m */ = {isa = PBXFileReference; lastKnownFileType = sourcecode.c.objc; path = PopularPicturesTests.m; sourceTree = "<group>"; };
		52B45B8F1A24BEF0003F1D9F /* CoreData.framework */ = {isa = PBXFileReference; lastKnownFileType = wrapper.framework; name = CoreData.framework; path = System/Library/Frameworks/CoreData.framework; sourceTree = SDKROOT; };
		52B45B931A24C1F1003F1D9F /* CollectionViewCell.h */ = {isa = PBXFileReference; fileEncoding = 4; lastKnownFileType = sourcecode.c.h; name = CollectionViewCell.h; path = Cells/CollectionViewCell.h; sourceTree = "<group>"; };
		52B45B941A24C1F1003F1D9F /* CollectionViewCell.m */ = {isa = PBXFileReference; fileEncoding = 4; lastKnownFileType = sourcecode.c.objc; name = CollectionViewCell.m; path = Cells/CollectionViewCell.m; sourceTree = "<group>"; };
		52B45B971A24C3D2003F1D9F /* PicturesManager.h */ = {isa = PBXFileReference; fileEncoding = 4; lastKnownFileType = sourcecode.c.h; name = PicturesManager.h; path = Managers/PicturesManager.h; sourceTree = "<group>"; };
		52B45B981A24C3D2003F1D9F /* PicturesManager.m */ = {isa = PBXFileReference; fileEncoding = 4; lastKnownFileType = sourcecode.c.objc; name = PicturesManager.m; path = Managers/PicturesManager.m; sourceTree = "<group>"; };
		52B45B9A1A24D66C003F1D9F /* CoreDataManager.h */ = {isa = PBXFileReference; fileEncoding = 4; lastKnownFileType = sourcecode.c.h; name = CoreDataManager.h; path = Managers/CoreDataManager.h; sourceTree = "<group>"; };
		52B45B9B1A24D66C003F1D9F /* CoreDataManager.m */ = {isa = PBXFileReference; fileEncoding = 4; lastKnownFileType = sourcecode.c.objc; name = CoreDataManager.m; path = Managers/CoreDataManager.m; sourceTree = "<group>"; };
		52B45BA71A24EDD8003F1D9F /* Foundation.framework */ = {isa = PBXFileReference; lastKnownFileType = wrapper.framework; name = Foundation.framework; path = System/Library/Frameworks/Foundation.framework; sourceTree = SDKROOT; };
		52B45BA91A24EDE4003F1D9F /* QuartzCore.framework */ = {isa = PBXFileReference; lastKnownFileType = wrapper.framework; name = QuartzCore.framework; path = System/Library/Frameworks/QuartzCore.framework; sourceTree = SDKROOT; };
		52B45BAF1A251596003F1D9F /* DetailViewController.h */ = {isa = PBXFileReference; fileEncoding = 4; lastKnownFileType = sourcecode.c.h; name = DetailViewController.h; path = ViewControllers/DetailViewController.h; sourceTree = "<group>"; };
		52B45BB01A251596003F1D9F /* DetailViewController.m */ = {isa = PBXFileReference; fileEncoding = 4; lastKnownFileType = sourcecode.c.objc; name = DetailViewController.m; path = ViewControllers/DetailViewController.m; sourceTree = "<group>"; };
		52B45BB21A2522A8003F1D9F /* PhotoMO.h */ = {isa = PBXFileReference; fileEncoding = 4; lastKnownFileType = sourcecode.c.h; name = PhotoMO.h; path = CoreData/PhotoMO.h; sourceTree = "<group>"; };
		52B45BB31A2522A8003F1D9F /* PhotoMO.m */ = {isa = PBXFileReference; fileEncoding = 4; lastKnownFileType = sourcecode.c.objc; name = PhotoMO.m; path = CoreData/PhotoMO.m; sourceTree = "<group>"; };
		52B45BB51A252300003F1D9F /* MapKit.framework */ = {isa = PBXFileReference; lastKnownFileType = wrapper.framework; name = MapKit.framework; path = System/Library/Frameworks/MapKit.framework; sourceTree = SDKROOT; };
		52B45BBB1A253FDB003F1D9F /* UIImage+Color.h */ = {isa = PBXFileReference; fileEncoding = 4; lastKnownFileType = sourcecode.c.h; path = "UIImage+Color.h"; sourceTree = "<group>"; };
		52B45BBC1A253FDB003F1D9F /* UIImage+Color.m */ = {isa = PBXFileReference; fileEncoding = 4; lastKnownFileType = sourcecode.c.objc; path = "UIImage+Color.m"; sourceTree = "<group>"; };
		52B45BBE1A254365003F1D9F /* MapViewAnnotation.h */ = {isa = PBXFileReference; fileEncoding = 4; lastKnownFileType = sourcecode.c.h; name = MapViewAnnotation.h; path = Cells/MapViewAnnotation.h; sourceTree = "<group>"; };
		52B45BBF1A254365003F1D9F /* MapViewAnnotation.m */ = {isa = PBXFileReference; fileEncoding = 4; lastKnownFileType = sourcecode.c.objc; name = MapViewAnnotation.m; path = Cells/MapViewAnnotation.m; sourceTree = "<group>"; };
		A1F9E2369D6F01A2CA14A1D9 /* libPods.a */ = {isa = PBXFileReference; explicitFileType = archive.ar; includeInIndex = 0; path = libPods.a; sourceTree = BUILT_PRODUCTS_DIR; };
		FD1890ACBB22B319C8D3A0C4 /* Pods.release.xcconfig */ = {isa = PBXFileReference; includeInIndex = 1; lastKnownFileType = text.xcconfig; name = Pods.release.xcconfig; path = "Pods/Target Support Files/Pods/Pods.release.xcconfig"; sourceTree = "<group>"; };
/* End PBXFileReference section */

/* Begin PBXFrameworksBuildPhase section */
		52B45B601A24BB8F003F1D9F /* Frameworks */ = {
			isa = PBXFrameworksBuildPhase;
			buildActionMask = 2147483647;
			files = (
				52B45BB61A252300003F1D9F /* MapKit.framework in Frameworks */,
				52B45BAA1A24EDE4003F1D9F /* QuartzCore.framework in Frameworks */,
				52B45BA81A24EDD8003F1D9F /* Foundation.framework in Frameworks */,
				52B45B901A24BEF0003F1D9F /* CoreData.framework in Frameworks */,
				5617281426CFD0C5D87EBE66 /* libPods.a in Frameworks */,
			);
			runOnlyForDeploymentPostprocessing = 0;
		};
		52B45B7C1A24BB8F003F1D9F /* Frameworks */ = {
			isa = PBXFrameworksBuildPhase;
			buildActionMask = 2147483647;
			files = (
			);
			runOnlyForDeploymentPostprocessing = 0;
		};
/* End PBXFrameworksBuildPhase section */

/* Begin PBXGroup section */
		52B45B5A1A24BB8F003F1D9F = {
			isa = PBXGroup;
			children = (
				52B45B651A24BB8F003F1D9F /* PopularPictures */,
				52B45B821A24BB8F003F1D9F /* PopularPicturesTests */,
				52B45B911A24BF00003F1D9F /* Frameworks */,
				52B45B641A24BB8F003F1D9F /* Products */,
				6DD7D97C6F672CA15645EA99 /* Pods */,
			);
			sourceTree = "<group>";
		};
		52B45B641A24BB8F003F1D9F /* Products */ = {
			isa = PBXGroup;
			children = (
				52B45B631A24BB8F003F1D9F /* PopularPictures.app */,
				52B45B7F1A24BB8F003F1D9F /* PopularPicturesTests.xctest */,
			);
			name = Products;
			sourceTree = "<group>";
		};
		52B45B651A24BB8F003F1D9F /* PopularPictures */ = {
			isa = PBXGroup;
			children = (
				52B45B9D1A24E1B0003F1D9F /* CoreData */,
				52B45B961A24C3AC003F1D9F /* Managers */,
				52B45B921A24C1D3003F1D9F /* Cells */,
				52B45B6A1A24BB8F003F1D9F /* AppDelegate.h */,
				52B45B6B1A24BB8F003F1D9F /* AppDelegate.m */,
				52B45B701A24BB8F003F1D9F /* MainViewController.h */,
				52B45B711A24BB8F003F1D9F /* MainViewController.m */,
				52B45BAF1A251596003F1D9F /* DetailViewController.h */,
				52B45BB01A251596003F1D9F /* DetailViewController.m */,
				52B45BBB1A253FDB003F1D9F /* UIImage+Color.h */,
				52B45BBC1A253FDB003F1D9F /* UIImage+Color.m */,
				52B45B761A24BB8F003F1D9F /* Images.xcassets */,
				52B45B781A24BB8F003F1D9F /* LaunchScreen.xib */,
				52B45B661A24BB8F003F1D9F /* Supporting Files */,
			);
			path = PopularPictures;
			sourceTree = "<group>";
		};
		52B45B661A24BB8F003F1D9F /* Supporting Files */ = {
			isa = PBXGroup;
			children = (
				52B45B671A24BB8F003F1D9F /* Info.plist */,
				52B45B681A24BB8F003F1D9F /* main.m */,
			);
			name = "Supporting Files";
			sourceTree = "<group>";
		};
		52B45B821A24BB8F003F1D9F /* PopularPicturesTests */ = {
			isa = PBXGroup;
			children = (
				52B45B851A24BB8F003F1D9F /* PopularPicturesTests.m */,
				52B45B831A24BB8F003F1D9F /* Supporting Files */,
			);
			path = PopularPicturesTests;
			sourceTree = "<group>";
		};
		52B45B831A24BB8F003F1D9F /* Supporting Files */ = {
			isa = PBXGroup;
			children = (
				52B45B841A24BB8F003F1D9F /* Info.plist */,
			);
			name = "Supporting Files";
			sourceTree = "<group>";
		};
		52B45B911A24BF00003F1D9F /* Frameworks */ = {
			isa = PBXGroup;
			children = (
				52B45BB51A252300003F1D9F /* MapKit.framework */,
				52B45BA91A24EDE4003F1D9F /* QuartzCore.framework */,
				52B45BA71A24EDD8003F1D9F /* Foundation.framework */,
				52B45B8F1A24BEF0003F1D9F /* CoreData.framework */,
				A1F9E2369D6F01A2CA14A1D9 /* libPods.a */,
			);
			name = Frameworks;
			sourceTree = "<group>";
		};
		52B45B921A24C1D3003F1D9F /* Cells */ = {
			isa = PBXGroup;
			children = (
				52B45B931A24C1F1003F1D9F /* CollectionViewCell.h */,
				52B45B941A24C1F1003F1D9F /* CollectionViewCell.m */,
				52B45BBE1A254365003F1D9F /* MapViewAnnotation.h */,
				52B45BBF1A254365003F1D9F /* MapViewAnnotation.m */,
			);
			name = Cells;
			sourceTree = "<group>";
		};
		52B45B961A24C3AC003F1D9F /* Managers */ = {
			isa = PBXGroup;
			children = (
				52B45B971A24C3D2003F1D9F /* PicturesManager.h */,
				52B45B981A24C3D2003F1D9F /* PicturesManager.m */,
				52B45B9A1A24D66C003F1D9F /* CoreDataManager.h */,
				52B45B9B1A24D66C003F1D9F /* CoreDataManager.m */,
			);
			name = Managers;
			sourceTree = "<group>";
		};
		52B45B9D1A24E1B0003F1D9F /* CoreData */ = {
			isa = PBXGroup;
			children = (
				52B45BB21A2522A8003F1D9F /* PhotoMO.h */,
				52B45BB31A2522A8003F1D9F /* PhotoMO.m */,
				52B45B6D1A24BB8F003F1D9F /* PopularPictures.xcdatamodeld */,
			);
			name = CoreData;
			sourceTree = "<group>";
		};
		6DD7D97C6F672CA15645EA99 /* Pods */ = {
			isa = PBXGroup;
			children = (
				14EFFB5C6AA50B23CCA044B4 /* Pods.debug.xcconfig */,
				FD1890ACBB22B319C8D3A0C4 /* Pods.release.xcconfig */,
			);
			name = Pods;
			sourceTree = "<group>";
		};
/* End PBXGroup section */

/* Begin PBXNativeTarget section */
		52B45B621A24BB8F003F1D9F /* PopularPictures */ = {
			isa = PBXNativeTarget;
			buildConfigurationList = 52B45B891A24BB8F003F1D9F /* Build configuration list for PBXNativeTarget "PopularPictures" */;
			buildPhases = (
				11FBCA52A4132C14D5E99EF9 /* Check Pods Manifest.lock */,
				52B45B5F1A24BB8F003F1D9F /* Sources */,
				52B45B601A24BB8F003F1D9F /* Frameworks */,
				52B45B611A24BB8F003F1D9F /* Resources */,
				12913E20AA920197CEC1D0B6 /* Copy Pods Resources */,
			);
			buildRules = (
			);
			dependencies = (
			);
			name = PopularPictures;
			productName = PopularPictures;
			productReference = 52B45B631A24BB8F003F1D9F /* PopularPictures.app */;
			productType = "com.apple.product-type.application";
		};
		52B45B7E1A24BB8F003F1D9F /* PopularPicturesTests */ = {
			isa = PBXNativeTarget;
			buildConfigurationList = 52B45B8C1A24BB8F003F1D9F /* Build configuration list for PBXNativeTarget "PopularPicturesTests" */;
			buildPhases = (
				52B45B7B1A24BB8F003F1D9F /* Sources */,
				52B45B7C1A24BB8F003F1D9F /* Frameworks */,
				52B45B7D1A24BB8F003F1D9F /* Resources */,
			);
			buildRules = (
			);
			dependencies = (
				52B45B811A24BB8F003F1D9F /* PBXTargetDependency */,
			);
			name = PopularPicturesTests;
			productName = PopularPicturesTests;
			productReference = 52B45B7F1A24BB8F003F1D9F /* PopularPicturesTests.xctest */;
			productType = "com.apple.product-type.bundle.unit-test";
		};
/* End PBXNativeTarget section */

/* Begin PBXProject section */
		52B45B5B1A24BB8F003F1D9F /* Project object */ = {
			isa = PBXProject;
			attributes = {
				LastUpgradeCheck = 0610;
				ORGANIZATIONNAME = "Nelson Domínguez";
				TargetAttributes = {
					52B45B621A24BB8F003F1D9F = {
						CreatedOnToolsVersion = 6.1;
					};
					52B45B7E1A24BB8F003F1D9F = {
						CreatedOnToolsVersion = 6.1;
						TestTargetID = 52B45B621A24BB8F003F1D9F;
					};
				};
			};
			buildConfigurationList = 52B45B5E1A24BB8F003F1D9F /* Build configuration list for PBXProject "PopularPictures" */;
			compatibilityVersion = "Xcode 3.2";
			developmentRegion = English;
			hasScannedForEncodings = 0;
			knownRegions = (
				en,
				Base,
			);
			mainGroup = 52B45B5A1A24BB8F003F1D9F;
			productRefGroup = 52B45B641A24BB8F003F1D9F /* Products */;
			projectDirPath = "";
			projectRoot = "";
			targets = (
				52B45B621A24BB8F003F1D9F /* PopularPictures */,
				52B45B7E1A24BB8F003F1D9F /* PopularPicturesTests */,
			);
		};
/* End PBXProject section */

/* Begin PBXResourcesBuildPhase section */
		52B45B611A24BB8F003F1D9F /* Resources */ = {
			isa = PBXResourcesBuildPhase;
			buildActionMask = 2147483647;
			files = (
				52B45B7A1A24BB8F003F1D9F /* LaunchScreen.xib in Resources */,
				52B45B771A24BB8F003F1D9F /* Images.xcassets in Resources */,
			);
			runOnlyForDeploymentPostprocessing = 0;
		};
		52B45B7D1A24BB8F003F1D9F /* Resources */ = {
			isa = PBXResourcesBuildPhase;
			buildActionMask = 2147483647;
			files = (
			);
			runOnlyForDeploymentPostprocessing = 0;
		};
/* End PBXResourcesBuildPhase section */

/* Begin PBXShellScriptBuildPhase section */
		11FBCA52A4132C14D5E99EF9 /* Check Pods Manifest.lock */ = {
			isa = PBXShellScriptBuildPhase;
			buildActionMask = 2147483647;
			files = (
			);
			inputPaths = (
			);
			name = "Check Pods Manifest.lock";
			outputPaths = (
			);
			runOnlyForDeploymentPostprocessing = 0;
			shellPath = /bin/sh;
			shellScript = "diff \"${PODS_ROOT}/../Podfile.lock\" \"${PODS_ROOT}/Manifest.lock\" > /dev/null\nif [[ $? != 0 ]] ; then\n    cat << EOM\nerror: The sandbox is not in sync with the Podfile.lock. Run 'pod install' or update your CocoaPods installation.\nEOM\n    exit 1\nfi\n";
			showEnvVarsInLog = 0;
		};
		12913E20AA920197CEC1D0B6 /* Copy Pods Resources */ = {
			isa = PBXShellScriptBuildPhase;
			buildActionMask = 2147483647;
			files = (
			);
			inputPaths = (
			);
			name = "Copy Pods Resources";
			outputPaths = (
			);
			runOnlyForDeploymentPostprocessing = 0;
			shellPath = /bin/sh;
			shellScript = "\"${SRCROOT}/Pods/Target Support Files/Pods/Pods-resources.sh\"\n";
			showEnvVarsInLog = 0;
		};
/* End PBXShellScriptBuildPhase section */

/* Begin PBXSourcesBuildPhase section */
		52B45B5F1A24BB8F003F1D9F /* Sources */ = {
			isa = PBXSourcesBuildPhase;
			buildActionMask = 2147483647;
			files = (
				52B45B6F1A24BB8F003F1D9F /* PopularPictures.xcdatamodeld in Sources */,
				52B45B9C1A24D66C003F1D9F /* CoreDataManager.m in Sources */,
				52B45BB11A251596003F1D9F /* DetailViewController.m in Sources */,
				52B45BB41A2522A8003F1D9F /* PhotoMO.m in Sources */,
				52B45B951A24C1F1003F1D9F /* CollectionViewCell.m in Sources */,
				52B45BC01A254365003F1D9F /* MapViewAnnotation.m in Sources */,
				52B45B6C1A24BB8F003F1D9F /* AppDelegate.m in Sources */,
				52B45B721A24BB8F003F1D9F /* MainViewController.m in Sources */,
				52B45BBD1A253FDB003F1D9F /* UIImage+Color.m in Sources */,
				52B45B991A24C3D2003F1D9F /* PicturesManager.m in Sources */,
				52B45B691A24BB8F003F1D9F /* main.m in Sources */,
			);
			runOnlyForDeploymentPostprocessing = 0;
		};
		52B45B7B1A24BB8F003F1D9F /* Sources */ = {
			isa = PBXSourcesBuildPhase;
			buildActionMask = 2147483647;
			files = (
				52B45B861A24BB8F003F1D9F /* PopularPicturesTests.m in Sources */,
			);
			runOnlyForDeploymentPostprocessing = 0;
		};
/* End PBXSourcesBuildPhase section */

/* Begin PBXTargetDependency section */
		52B45B811A24BB8F003F1D9F /* PBXTargetDependency */ = {
			isa = PBXTargetDependency;
			target = 52B45B621A24BB8F003F1D9F /* PopularPictures */;
			targetProxy = 52B45B801A24BB8F003F1D9F /* PBXContainerItemProxy */;
		};
/* End PBXTargetDependency section */

/* Begin PBXVariantGroup section */
		52B45B781A24BB8F003F1D9F /* LaunchScreen.xib */ = {
			isa = PBXVariantGroup;
			children = (
				52B45B791A24BB8F003F1D9F /* Base */,
			);
			name = LaunchScreen.xib;
			sourceTree = "<group>";
		};
/* End PBXVariantGroup section */

/* Begin XCBuildConfiguration section */
		52B45B871A24BB8F003F1D9F /* Debug */ = {
			isa = XCBuildConfiguration;
			buildSettings = {
				ALWAYS_SEARCH_USER_PATHS = NO;
				CLANG_CXX_LANGUAGE_STANDARD = "gnu++0x";
				CLANG_CXX_LIBRARY = "libc++";
				CLANG_ENABLE_MODULES = YES;
				CLANG_ENABLE_OBJC_ARC = YES;
				CLANG_WARN_BOOL_CONVERSION = YES;
				CLANG_WARN_CONSTANT_CONVERSION = YES;
				CLANG_WARN_DIRECT_OBJC_ISA_USAGE = YES_ERROR;
				CLANG_WARN_EMPTY_BODY = YES;
				CLANG_WARN_ENUM_CONVERSION = YES;
				CLANG_WARN_INT_CONVERSION = YES;
				CLANG_WARN_OBJC_ROOT_CLASS = YES_ERROR;
				CLANG_WARN_UNREACHABLE_CODE = YES;
				CLANG_WARN__DUPLICATE_METHOD_MATCH = YES;
				"CODE_SIGN_IDENTITY[sdk=iphoneos*]" = "iPhone Developer";
				COPY_PHASE_STRIP = NO;
				ENABLE_STRICT_OBJC_MSGSEND = YES;
				GCC_C_LANGUAGE_STANDARD = gnu99;
				GCC_DYNAMIC_NO_PIC = NO;
				GCC_OPTIMIZATION_LEVEL = 0;
				GCC_PREPROCESSOR_DEFINITIONS = (
					"DEBUG=1",
					"$(inherited)",
				);
				GCC_SYMBOLS_PRIVATE_EXTERN = NO;
				GCC_WARN_64_TO_32_BIT_CONVERSION = YES;
				GCC_WARN_ABOUT_RETURN_TYPE = YES_ERROR;
				GCC_WARN_UNDECLARED_SELECTOR = YES;
				GCC_WARN_UNINITIALIZED_AUTOS = YES_AGGRESSIVE;
				GCC_WARN_UNUSED_FUNCTION = YES;
				GCC_WARN_UNUSED_VARIABLE = YES;
				IPHONEOS_DEPLOYMENT_TARGET = 7.0;
				MTL_ENABLE_DEBUG_INFO = YES;
				ONLY_ACTIVE_ARCH = YES;
				SDKROOT = iphoneos;
			};
			name = Debug;
		};
		52B45B881A24BB8F003F1D9F /* Release */ = {
			isa = XCBuildConfiguration;
			buildSettings = {
				ALWAYS_SEARCH_USER_PATHS = NO;
				CLANG_CXX_LANGUAGE_STANDARD = "gnu++0x";
				CLANG_CXX_LIBRARY = "libc++";
				CLANG_ENABLE_MODULES = YES;
				CLANG_ENABLE_OBJC_ARC = YES;
				CLANG_WARN_BOOL_CONVERSION = YES;
				CLANG_WARN_CONSTANT_CONVERSION = YES;
				CLANG_WARN_DIRECT_OBJC_ISA_USAGE = YES_ERROR;
				CLANG_WARN_EMPTY_BODY = YES;
				CLANG_WARN_ENUM_CONVERSION = YES;
				CLANG_WARN_INT_CONVERSION = YES;
				CLANG_WARN_OBJC_ROOT_CLASS = YES_ERROR;
				CLANG_WARN_UNREACHABLE_CODE = YES;
				CLANG_WARN__DUPLICATE_METHOD_MATCH = YES;
				"CODE_SIGN_IDENTITY[sdk=iphoneos*]" = "iPhone Developer";
				COPY_PHASE_STRIP = YES;
				ENABLE_NS_ASSERTIONS = NO;
				ENABLE_STRICT_OBJC_MSGSEND = YES;
				GCC_C_LANGUAGE_STANDARD = gnu99;
				GCC_WARN_64_TO_32_BIT_CONVERSION = YES;
				GCC_WARN_ABOUT_RETURN_TYPE = YES_ERROR;
				GCC_WARN_UNDECLARED_SELECTOR = YES;
				GCC_WARN_UNINITIALIZED_AUTOS = YES_AGGRESSIVE;
				GCC_WARN_UNUSED_FUNCTION = YES;
				GCC_WARN_UNUSED_VARIABLE = YES;
				IPHONEOS_DEPLOYMENT_TARGET = 7.0;
				MTL_ENABLE_DEBUG_INFO = NO;
				SDKROOT = iphoneos;
				VALIDATE_PRODUCT = YES;
			};
			name = Release;
		};
		52B45B8A1A24BB8F003F1D9F /* Debug */ = {
			isa = XCBuildConfiguration;
			baseConfigurationReference = 14EFFB5C6AA50B23CCA044B4 /* Pods.debug.xcconfig */;
			buildSettings = {
				ASSETCATALOG_COMPILER_APPICON_NAME = AppIcon;
				ASSETCATALOG_COMPILER_LAUNCHIMAGE_NAME = LaunchImage;
				INFOPLIST_FILE = PopularPictures/Info.plist;
				IPHONEOS_DEPLOYMENT_TARGET = 7.0;
				LD_RUNPATH_SEARCH_PATHS = "$(inherited) @executable_path/Frameworks";
				PRODUCT_NAME = "$(TARGET_NAME)";
			};
			name = Debug;
		};
		52B45B8B1A24BB8F003F1D9F /* Release */ = {
			isa = XCBuildConfiguration;
			baseConfigurationReference = FD1890ACBB22B319C8D3A0C4 /* Pods.release.xcconfig */;
			buildSettings = {
				ASSETCATALOG_COMPILER_APPICON_NAME = AppIcon;
				ASSETCATALOG_COMPILER_LAUNCHIMAGE_NAME = LaunchImage;
				INFOPLIST_FILE = PopularPictures/Info.plist;
				IPHONEOS_DEPLOYMENT_TARGET = 7.0;
				LD_RUNPATH_SEARCH_PATHS = "$(inherited) @executable_path/Frameworks";
				PRODUCT_NAME = "$(TARGET_NAME)";
			};
			name = Release;
		};
		52B45B8D1A24BB8F003F1D9F /* Debug */ = {
			isa = XCBuildConfiguration;
			buildSettings = {
				BUNDLE_LOADER = "$(TEST_HOST)";
				FRAMEWORK_SEARCH_PATHS = (
					"$(SDKROOT)/Developer/Library/Frameworks",
					"$(inherited)",
				);
				GCC_PREPROCESSOR_DEFINITIONS = (
					"DEBUG=1",
					"$(inherited)",
				);
				INFOPLIST_FILE = PopularPicturesTests/Info.plist;
				LD_RUNPATH_SEARCH_PATHS = "$(inherited) @executable_path/Frameworks @loader_path/Frameworks";
				PRODUCT_NAME = "$(TARGET_NAME)";
				TEST_HOST = "$(BUILT_PRODUCTS_DIR)/PopularPictures.app/PopularPictures";
			};
			name = Debug;
		};
		52B45B8E1A24BB8F003F1D9F /* Release */ = {
			isa = XCBuildConfiguration;
			buildSettings = {
				BUNDLE_LOADER = "$(TEST_HOST)";
				FRAMEWORK_SEARCH_PATHS = (
					"$(SDKROOT)/Developer/Library/Frameworks",
					"$(inherited)",
				);
				INFOPLIST_FILE = PopularPicturesTests/Info.plist;
				LD_RUNPATH_SEARCH_PATHS = "$(inherited) @executable_path/Frameworks @loader_path/Frameworks";
				PRODUCT_NAME = "$(TARGET_NAME)";
				TEST_HOST = "$(BUILT_PRODUCTS_DIR)/PopularPictures.app/PopularPictures";
			};
			name = Release;
		};
/* End XCBuildConfiguration section */

/* Begin XCConfigurationList section */
		52B45B5E1A24BB8F003F1D9F /* Build configuration list for PBXProject "PopularPictures" */ = {
			isa = XCConfigurationList;
			buildConfigurations = (
				52B45B871A24BB8F003F1D9F /* Debug */,
				52B45B881A24BB8F003F1D9F /* Release */,
			);
			defaultConfigurationIsVisible = 0;
			defaultConfigurationName = Release;
		};
		52B45B891A24BB8F003F1D9F /* Build configuration list for PBXNativeTarget "PopularPictures" */ = {
			isa = XCConfigurationList;
			buildConfigurations = (
				52B45B8A1A24BB8F003F1D9F /* Debug */,
				52B45B8B1A24BB8F003F1D9F /* Release */,
			);
			defaultConfigurationIsVisible = 0;
			defaultConfigurationName = Release;
		};
		52B45B8C1A24BB8F003F1D9F /* Build configuration list for PBXNativeTarget "PopularPicturesTests" */ = {
			isa = XCConfigurationList;
			buildConfigurations = (
				52B45B8D1A24BB8F003F1D9F /* Debug */,
				52B45B8E1A24BB8F003F1D9F /* Release */,
			);
			defaultConfigurationIsVisible = 0;
			defaultConfigurationName = Release;
		};
/* End XCConfigurationList section */

/* Begin XCVersionGroup section */
		52B45B6D1A24BB8F003F1D9F /* PopularPictures.xcdatamodeld */ = {
			isa = XCVersionGroup;
			children = (
				52B45B6E1A24BB8F003F1D9F /* PopularPictures.xcdatamodel */,
			);
			currentVersion = 52B45B6E1A24BB8F003F1D9F /* PopularPictures.xcdatamodel */;
			path = PopularPictures.xcdatamodeld;
			sourceTree = "<group>";
			versionGroupType = wrapper.xcdatamodel;
		};
/* End XCVersionGroup section */
	};
	rootObject = 52B45B5B1A24BB8F003F1D9F /* Project object */;
}
